
Microsoft Visual Studio Solution File, Format Version 12.00
# Visual Studio Version 17
VisualStudioVersion = 17.2.32630.192
MinimumVisualStudioVersion = 10.0.40219.1
Project("{FAE04EC0-301F-11D3-BF4B-00C04F79EFBC}") = "WebApplication2", "WebApplication2\WebApplication2.csproj", "{27D0DA9C-0DB5-4400-AFEA-4FFC63EA71BE}"
EndProject
Global
	GlobalSection(SolutionConfigurationPlatforms) = preSolution
		Debug|Any CPU = Debug|Any CPU
		Release|Any CPU = Release|Any CPU
	EndGlobalSection
	GlobalSection(ProjectConfigurationPlatforms) = postSolution
		{27D0DA9C-0DB5-4400-AFEA-4FFC63EA71BE}.Debug|Any CPU.ActiveCfg = Debug|Any CPU
		{27D0DA9C-0DB5-4400-AFEA-4FFC63EA71BE}.Debug|Any CPU.Build.0 = Debug|Any CPU
		{27D0DA9C-0DB5-4400-AFEA-4FFC63EA71BE}.Release|Any CPU.ActiveCfg = Release|Any CPU
		{27D0DA9C-0DB5-4400-AFEA-4FFC63EA71BE}.Release|Any CPU.Build.0 = Release|Any CPU
	EndGlobalSection
	GlobalSection(SolutionProperties) = preSolution
		HideSolutionNode = FALSE
	EndGlobalSection
	GlobalSection(ExtensibilityGlobals) = postSolution
		SolutionGuid = {85310152-A596-4F28-8107-B04C8DAAB2D7}
	EndGlobalSection
EndGlobal
